
Microsoft Visual Studio Solution File, Format Version 12.00
# Visual Studio 2013
VisualStudioVersion = 12.0.21005.1
MinimumVisualStudioVersion = 10.0.40219.1
Project("{FAE04EC0-301F-11D3-BF4B-00C04F79EFBC}") = "FinancialDates", "FinancialDates\FinancialDates.csproj", "{8691ADEA-8BD9-482A-B74F-7DB7AF8131B0}"
EndProject
Project("{FAE04EC0-301F-11D3-BF4B-00C04F79EFBC}") = "DateTest", "DateTest\DateTest.csproj", "{2BD260EB-B73D-4D47-BC14-96416C7CAC86}"
	ProjectSection(ProjectDependencies) = postProject
		{8691ADEA-8BD9-482A-B74F-7DB7AF8131B0} = {8691ADEA-8BD9-482A-B74F-7DB7AF8131B0}
	EndProjectSection
EndProject
Global
	GlobalSection(SolutionConfigurationPlatforms) = preSolution
		Debug|Any CPU = Debug|Any CPU
		Debug|x64 = Debug|x64
		Release|Any CPU = Release|Any CPU
		Release|x64 = Release|x64
	EndGlobalSection
	GlobalSection(ProjectConfigurationPlatforms) = postSolution
		{8691ADEA-8BD9-482A-B74F-7DB7AF8131B0}.Debug|Any CPU.ActiveCfg = Debug|Any CPU
		{8691ADEA-8BD9-482A-B74F-7DB7AF8131B0}.Debug|Any CPU.Build.0 = Debug|Any CPU
		{8691ADEA-8BD9-482A-B74F-7DB7AF8131B0}.Debug|x64.ActiveCfg = Debug|x64
		{8691ADEA-8BD9-482A-B74F-7DB7AF8131B0}.Debug|x64.Build.0 = Debug|x64
		{8691ADEA-8BD9-482A-B74F-7DB7AF8131B0}.Release|Any CPU.ActiveCfg = Release|Any CPU
		{8691ADEA-8BD9-482A-B74F-7DB7AF8131B0}.Release|Any CPU.Build.0 = Release|Any CPU
		{8691ADEA-8BD9-482A-B74F-7DB7AF8131B0}.Release|x64.ActiveCfg = Release|x64
		{8691ADEA-8BD9-482A-B74F-7DB7AF8131B0}.Release|x64.Build.0 = Release|x64
		{2BD260EB-B73D-4D47-BC14-96416C7CAC86}.Debug|Any CPU.ActiveCfg = Debug|Any CPU
		{2BD260EB-B73D-4D47-BC14-96416C7CAC86}.Debug|Any CPU.Build.0 = Debug|Any CPU
		{2BD260EB-B73D-4D47-BC14-96416C7CAC86}.Debug|x64.ActiveCfg = Debug|x64
		{2BD260EB-B73D-4D47-BC14-96416C7CAC86}.Debug|x64.Build.0 = Debug|x64
		{2BD260EB-B73D-4D47-BC14-96416C7CAC86}.Release|Any CPU.ActiveCfg = Release|Any CPU
		{2BD260EB-B73D-4D47-BC14-96416C7CAC86}.Release|Any CPU.Build.0 = Release|Any CPU
		{2BD260EB-B73D-4D47-BC14-96416C7CAC86}.Release|x64.ActiveCfg = Release|x64
		{2BD260EB-B73D-4D47-BC14-96416C7CAC86}.Release|x64.Build.0 = Release|x64
	EndGlobalSection
	GlobalSection(SolutionProperties) = preSolution
		HideSolutionNode = FALSE
	EndGlobalSection
	GlobalSection(SubversionScc) = preSolution
		Svn-Managed = True
		Manager = AnkhSVN - Subversion Support for Visual Studio
	EndGlobalSection
EndGlobal
